{
    "version": 3,
    "terraform_version": "0.11.7",
    "serial": 2,
    "lineage": "e5522ecb-d120-6d98-99f8-d6bc78748043",
    "modules": [
        {
            "path": [
                "root"
            ],
            "outputs": {
                "application_access_key": {
                    "sensitive": false,
                    "type": "string",
                    "value": "AKIAJ624TRVX7R75QO5Q"
                },
                "application_secret_key": {
                    "sensitive": false,
                    "type": "string",
                    "value": "4GikHTcAezZS0YEhZO2oM3T3BZvjjFABJstBoQaA"
                },
                "networking_access_key": {
                    "sensitive": false,
                    "type": "string",
                    "value": "AKIAJRQLLKNPUAIF3I3A"
                },
                "networking_secret_key": {
                    "sensitive": false,
                    "type": "string",
                    "value": "tL+dWoQVvq0rCZBUQOHtHA4sTABJzQjOEv2jI/p8"
                }
            },
            "resources": {
                "aws_dynamodb_table.terraform_statelock": {
                    "type": "aws_dynamodb_table",
                    "depends_on": [],
                    "primary": {
                        "id": "ddt-tfstatelock",
                        "attributes": {
                            "arn": "arn:aws:dynamodb:us-west-2:434442667797:table/ddt-tfstatelock",
                            "attribute.#": "1",
                            "attribute.2068930648.name": "LockID",
                            "attribute.2068930648.type": "S",
                            "global_secondary_index.#": "0",
                            "hash_key": "LockID",
                            "id": "ddt-tfstatelock",
                            "local_secondary_index.#": "0",
                            "name": "ddt-tfstatelock",
                            "read_capacity": "20",
                            "server_side_encryption.#": "0",
                            "stream_arn": "",
                            "stream_enabled": "false",
                            "stream_label": "",
                            "stream_view_type": "",
                            "tags.%": "0",
                            "ttl.#": "0",
                            "write_capacity": "20"
                        },
                        "meta": {
                            "e2bfb730-ecaa-11e6-8f88-34363bc7c4c0": {
                                "create": 600000000000,
                                "delete": 600000000000,
                                "update": 600000000000
                            },
                            "schema_version": "1"
                        },
                        "tainted": false
                    },
                    "deposed": [],
                    "provider": "provider.aws"
                },
                "aws_iam_access_key.application": {
                    "type": "aws_iam_access_key",
                    "depends_on": [
                        "aws_iam_user.application"
                    ],
                    "primary": {
                        "id": "AKIAJ624TRVX7R75QO5Q",
                        "attributes": {
                            "id": "AKIAJ624TRVX7R75QO5Q",
                            "secret": "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",
                            "ses_smtp_password": "ApSLU8gxvRviuSh5lR4AB4XpYfwumUl66U8RyBg3V5EY",
                            "status": "Active",
                            "user": "application"
                        },
                        "meta": {},
                        "tainted": false
                    },
                    "deposed": [],
                    "provider": "provider.aws"
                },
                "aws_iam_access_key.networking": {
                    "type": "aws_iam_access_key",
                    "depends_on": [
                        "aws_iam_user.networking"
                    ],
                    "primary": {
                        "id": "AKIAJRQLLKNPUAIF3I3A",
                        "attributes": {
                            "id": "AKIAJRQLLKNPUAIF3I3A",
                            "secret": "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",
                            "ses_smtp_password": "AqoEPH4V5bQx2UM96c4N4YUh9ylO4yArxeKhxV9NNn2n",
                            "status": "Active",
                            "user": "networking"
                        },
                        "meta": {},
                        "tainted": false
                    },
                    "deposed": [],
                    "provider": "provider.aws"
                },
                "aws_iam_group.ec2admin": {
                    "type": "aws_iam_group",
                    "depends_on": [],
                    "primary": {
                        "id": "EC2Admin",
                        "attributes": {
                            "arn": "arn:aws:iam::434442667797:group/EC2Admin",
                            "id": "EC2Admin",
                            "name": "EC2Admin",
                            "path": "/",
                            "unique_id": "AGPAJEJC7JPN2H7UW2L6Y"
                        },
                        "meta": {},
                        "tainted": false
                    },
                    "deposed": [],
                    "provider": "provider.aws"
                },
                "aws_iam_group.rdsadmin": {
                    "type": "aws_iam_group",
                    "depends_on": [],
                    "primary": {
                        "id": "RDSAdmin",
                        "attributes": {
                            "arn": "arn:aws:iam::434442667797:group/RDSAdmin",
                            "id": "RDSAdmin",
                            "name": "RDSAdmin",
                            "path": "/",
                            "unique_id": "AGPAIF3FKRAMEGQGD7JYQ"
                        },
                        "meta": {},
                        "tainted": false
                    },
                    "deposed": [],
                    "provider": "provider.aws"
                },
                "aws_iam_group_membership.add-ec2admin": {
                    "type": "aws_iam_group_membership",
                    "depends_on": [
                        "aws_iam_group.ec2admin",
                        "aws_iam_user.application",
                        "aws_iam_user.networking"
                    ],
                    "primary": {
                        "id": "add-ec2admin",
                        "attributes": {
                            "group": "EC2Admin",
                            "id": "add-ec2admin",
                            "name": "add-ec2admin",
                            "users.#": "2",
                            "users.2757483969": "application",
                            "users.3267155406": "networking"
                        },
                        "meta": {},
                        "tainted": false
                    },
                    "deposed": [],
                    "provider": "provider.aws"
                },
                "aws_iam_group_membership.add-rdsadmin": {
                    "type": "aws_iam_group_membership",
                    "depends_on": [
                        "aws_iam_group.rdsadmin",
                        "aws_iam_user.application"
                    ],
                    "primary": {
                        "id": "add-rdsadmin",
                        "attributes": {
                            "group": "RDSAdmin",
                            "id": "add-rdsadmin",
                            "name": "add-rdsadmin",
                            "users.#": "1",
                            "users.2757483969": "application"
                        },
                        "meta": {},
                        "tainted": false
                    },
                    "deposed": [],
                    "provider": "provider.aws"
                },
                "aws_iam_group_policy_attachment.ec2admin-attach": {
                    "type": "aws_iam_group_policy_attachment",
                    "depends_on": [
                        "aws_iam_group.ec2admin"
                    ],
                    "primary": {
                        "id": "EC2Admin-20180416110617562200000002",
                        "attributes": {
                            "group": "EC2Admin",
                            "id": "EC2Admin-20180416110617562200000002",
                            "policy_arn": "arn:aws:iam::aws:policy/AmazonEC2FullAccess"
                        },
                        "meta": {},
                        "tainted": false
                    },
                    "deposed": [],
                    "provider": "provider.aws"
                },
                "aws_iam_group_policy_attachment.rdsadmin-attach": {
                    "type": "aws_iam_group_policy_attachment",
                    "depends_on": [
                        "aws_iam_group.rdsadmin"
                    ],
                    "primary": {
                        "id": "RDSAdmin-20180416110617552500000001",
                        "attributes": {
                            "group": "RDSAdmin",
                            "id": "RDSAdmin-20180416110617552500000001",
                            "policy_arn": "arn:aws:iam::aws:policy/AmazonRDSFullAccess"
                        },
                        "meta": {},
                        "tainted": false
                    },
                    "deposed": [],
                    "provider": "provider.aws"
                },
                "aws_iam_user.application": {
                    "type": "aws_iam_user",
                    "depends_on": [],
                    "primary": {
                        "id": "application",
                        "attributes": {
                            "arn": "arn:aws:iam::434442667797:user/application",
                            "force_destroy": "false",
                            "id": "application",
                            "name": "application",
                            "path": "/",
                            "unique_id": "AIDAIFN7NJVVYHA5KBKO6"
                        },
                        "meta": {},
                        "tainted": false
                    },
                    "deposed": [],
                    "provider": "provider.aws"
                },
                "aws_iam_user.networking": {
                    "type": "aws_iam_user",
                    "depends_on": [],
                    "primary": {
                        "id": "networking",
                        "attributes": {
                            "arn": "arn:aws:iam::434442667797:user/networking",
                            "force_destroy": "false",
                            "id": "networking",
                            "name": "networking",
                            "path": "/",
                            "unique_id": "AIDAJ4GHQKXQKWBAS5YXU"
                        },
                        "meta": {},
                        "tainted": false
                    },
                    "deposed": [],
                    "provider": "provider.aws"
                },
                "aws_iam_user_policy.application_rw": {
                    "type": "aws_iam_user_policy",
                    "depends_on": [
                        "aws_iam_user.application",
                        "data.template_file.application_policy"
                    ],
                    "primary": {
                        "id": "application:application",
                        "attributes": {
                            "id": "application:application",
                            "name": "application",
                            "policy": "{\r\n    \"Version\": \"2012-10-17\",\r\n    \"Statement\": [\r\n        {\r\n            \"Effect\": \"Allow\",\r\n            \"Action\": \"s3:*\",\r\n            \"Resource\": [\r\n                \"arn:aws:s3:::ddt-networkingsardena\",\r\n                \"arn:aws:s3:::ddt-networkingsardena/*\"\r\n            ]\r\n        },\r\n        {\r\n            \"Effect\": \"Allow\",\r\n            \"Action\": [\r\n                \"s3:Get*\",\r\n                \"s3:List*\"\r\n            ],\r\n            \"Resource\": [\r\n                \"arn:aws:s3:::ddt-applicationsardena\",\r\n                \"arn:aws:s3:::ddt-applicationsardena/*\"\r\n            ]\r\n        },\r\n                {\r\n            \"Effect\": \"Allow\",\r\n            \"Action\": [\"dynamodb:*\"],\r\n            \"Resource\": [\r\n                \"arn:aws:dynamodb:us-west-2:434442667797:table/ddt-tfstatelock\"\r\n            ]\r\n        }\r\n   ]\r\n}",
                            "user": "application"
                        },
                        "meta": {},
                        "tainted": false
                    },
                    "deposed": [],
                    "provider": "provider.aws"
                },
                "aws_iam_user_policy.networking_rw": {
                    "type": "aws_iam_user_policy",
                    "depends_on": [
                        "aws_iam_user.networking",
                        "data.template_file.networking_policy"
                    ],
                    "primary": {
                        "id": "networking:networking",
                        "attributes": {
                            "id": "networking:networking",
                            "name": "networking",
                            "policy": "{\r\n    \"Version\": \"2012-10-17\",\r\n    \"Statement\": [\r\n        {\r\n            \"Effect\": \"Allow\",\r\n            \"Action\": \"s3:*\",\r\n            \"Resource\": [\r\n                \"arn:aws:s3:::ddt-applicationsardena\",\r\n                \"arn:aws:s3:::ddt-applicationsardena/*\"\r\n            ]\r\n        },\r\n        {\r\n            \"Effect\": \"Allow\",\r\n            \"Action\": [\r\n                \"s3:Get*\",\r\n                \"s3:List*\"\r\n            ],\r\n            \"Resource\": [\r\n                \"arn:aws:s3:::ddt-networkingsardena\",\r\n                \"arn:aws:s3:::ddt-networkingsardena/*\"\r\n            ]\r\n        },\r\n                {\r\n            \"Effect\": \"Allow\",\r\n            \"Action\": [\"dynamodb:*\"],\r\n            \"Resource\": [\r\n                \"arn:aws:dynamodb:us-west-2:434442667797:table/ddt-tfstatelock\"\r\n            ]\r\n        }\r\n   ]\r\n}",
                            "user": "networking"
                        },
                        "meta": {},
                        "tainted": false
                    },
                    "deposed": [],
                    "provider": "provider.aws"
                },
                "aws_s3_bucket.ddtapp": {
                    "type": "aws_s3_bucket",
                    "depends_on": [
                        "data.template_file.application_bucket_policy"
                    ],
                    "primary": {
                        "id": "ddt-applicationsardena",
                        "attributes": {
                            "acceleration_status": "",
                            "acl": "private",
                            "arn": "arn:aws:s3:::ddt-applicationsardena",
                            "bucket": "ddt-applicationsardena",
                            "bucket_domain_name": "ddt-applicationsardena.s3.amazonaws.com",
                            "force_destroy": "true",
                            "hosted_zone_id": "Z3BJ6K6RIION7M",
                            "id": "ddt-applicationsardena",
                            "logging.#": "0",
                            "policy": "{\"Statement\":[{\"Action\":[\"s3:Get*\",\"s3:List*\"],\"Effect\":\"Allow\",\"Principal\":{\"AWS\":\"arn:aws:iam::434442667797:user/networking\"},\"Resource\":[\"arn:aws:s3:::ddt-applicationsardena\",\"arn:aws:s3:::ddt-applicationsardena/*\"],\"Sid\":\"ReadOnly\"},{\"Action\":\"s3:*\",\"Effect\":\"Allow\",\"Principal\":{\"AWS\":\"arn:aws:iam::434442667797:user/application\"},\"Resource\":[\"arn:aws:s3:::ddt-applicationsardena\",\"arn:aws:s3:::ddt-applicationsardena/*\"],\"Sid\":\"FullAccess\"}],\"Version\":\"2008-10-17\"}",
                            "region": "us-west-2",
                            "replication_configuration.#": "0",
                            "request_payer": "BucketOwner",
                            "server_side_encryption_configuration.#": "0",
                            "tags.%": "0",
                            "versioning.#": "1",
                            "versioning.0.enabled": "true",
                            "versioning.0.mfa_delete": "false",
                            "website.#": "0"
                        },
                        "meta": {},
                        "tainted": false
                    },
                    "deposed": [],
                    "provider": "provider.aws"
                },
                "aws_s3_bucket.ddtnet": {
                    "type": "aws_s3_bucket",
                    "depends_on": [
                        "data.template_file.network_bucket_policy"
                    ],
                    "primary": {
                        "id": "ddt-networkingsardena",
                        "attributes": {
                            "acceleration_status": "",
                            "acl": "private",
                            "arn": "arn:aws:s3:::ddt-networkingsardena",
                            "bucket": "ddt-networkingsardena",
                            "bucket_domain_name": "ddt-networkingsardena.s3.amazonaws.com",
                            "force_destroy": "true",
                            "hosted_zone_id": "Z3BJ6K6RIION7M",
                            "id": "ddt-networkingsardena",
                            "logging.#": "0",
                            "policy": "{\"Statement\":[{\"Action\":[\"s3:Get*\",\"s3:List*\"],\"Effect\":\"Allow\",\"Principal\":{\"AWS\":\"arn:aws:iam::434442667797:user/application\"},\"Resource\":[\"arn:aws:s3:::ddt-networkingsardena\",\"arn:aws:s3:::ddt-networkingsardena/*\"],\"Sid\":\"ReadOnly\"},{\"Action\":\"s3:*\",\"Effect\":\"Allow\",\"Principal\":{\"AWS\":\"arn:aws:iam::434442667797:user/networking\"},\"Resource\":[\"arn:aws:s3:::ddt-networkingsardena\",\"arn:aws:s3:::ddt-networkingsardena/*\"],\"Sid\":\"FullAccess\"}],\"Version\":\"2008-10-17\"}",
                            "region": "us-west-2",
                            "replication_configuration.#": "0",
                            "request_payer": "BucketOwner",
                            "server_side_encryption_configuration.#": "0",
                            "tags.%": "0",
                            "versioning.#": "1",
                            "versioning.0.enabled": "true",
                            "versioning.0.mfa_delete": "false",
                            "website.#": "0"
                        },
                        "meta": {},
                        "tainted": false
                    },
                    "deposed": [],
                    "provider": "provider.aws"
                },
                "data.template_file.application_bucket_policy": {
                    "type": "template_file",
                    "depends_on": [
                        "aws_iam_user.application",
                        "aws_iam_user.networking"
                    ],
                    "primary": {
                        "id": "3a615dc4a79994292dd3b77aa3149f43d5468235b4192ca71471486991e565d3",
                        "attributes": {
                            "id": "3a615dc4a79994292dd3b77aa3149f43d5468235b4192ca71471486991e565d3",
                            "rendered": "{\r\n    \"Version\": \"2008-10-17\",\r\n    \"Statement\": [\r\n        {\r\n            \"Sid\": \"ReadOnly\",\r\n            \"Effect\": \"Allow\",\r\n            \"Principal\": {\r\n                \"AWS\": \"arn:aws:iam::434442667797:user/networking\"\r\n            },\r\n            \"Action\": [\r\n                \"s3:Get*\",\r\n                \"s3:List*\"\r\n            ],\r\n            \"Resource\": [\r\n                \"arn:aws:s3:::ddt-applicationsardena\",\r\n                \"arn:aws:s3:::ddt-applicationsardena/*\"\r\n            ]\r\n        },\r\n        {\r\n            \"Sid\": \"FullAccess\",\r\n            \"Effect\": \"Allow\",\r\n            \"Principal\": {\r\n                \"AWS\": \"arn:aws:iam::434442667797:user/application\"\r\n            },\r\n            \"Action\": \"s3:*\",\r\n            \"Resource\": [\r\n                \"arn:aws:s3:::ddt-applicationsardena\",\r\n                \"arn:aws:s3:::ddt-applicationsardena/*\"\r\n            ]\r\n        }\r\n    ]\r\n}",
                            "template": "{\r\n    \"Version\": \"2008-10-17\",\r\n    \"Statement\": [\r\n        {\r\n            \"Sid\": \"ReadOnly\",\r\n            \"Effect\": \"Allow\",\r\n            \"Principal\": {\r\n                \"AWS\": \"${read_only_user_arn}\"\r\n            },\r\n            \"Action\": [\r\n                \"s3:Get*\",\r\n                \"s3:List*\"\r\n            ],\r\n            \"Resource\": [\r\n                \"arn:aws:s3:::${s3_bucket}\",\r\n                \"arn:aws:s3:::${s3_bucket}/*\"\r\n            ]\r\n        },\r\n        {\r\n            \"Sid\": \"FullAccess\",\r\n            \"Effect\": \"Allow\",\r\n            \"Principal\": {\r\n                \"AWS\": \"${full_access_user_arn}\"\r\n            },\r\n            \"Action\": \"s3:*\",\r\n            \"Resource\": [\r\n                \"arn:aws:s3:::${s3_bucket}\",\r\n                \"arn:aws:s3:::${s3_bucket}/*\"\r\n            ]\r\n        }\r\n    ]\r\n}",
                            "vars.%": "3",
                            "vars.full_access_user_arn": "arn:aws:iam::434442667797:user/application",
                            "vars.read_only_user_arn": "arn:aws:iam::434442667797:user/networking",
                            "vars.s3_bucket": "ddt-applicationsardena"
                        },
                        "meta": {},
                        "tainted": false
                    },
                    "deposed": [],
                    "provider": "provider.template"
                },
                "data.template_file.application_policy": {
                    "type": "template_file",
                    "depends_on": [
                        "aws_dynamodb_table.terraform_statelock"
                    ],
                    "primary": {
                        "id": "304453a8778798dcf33f682cef11951377ae8c5eb3bf1f597b672080e799c04b",
                        "attributes": {
                            "id": "304453a8778798dcf33f682cef11951377ae8c5eb3bf1f597b672080e799c04b",
                            "rendered": "{\r\n    \"Version\": \"2012-10-17\",\r\n    \"Statement\": [\r\n        {\r\n            \"Effect\": \"Allow\",\r\n            \"Action\": \"s3:*\",\r\n            \"Resource\": [\r\n                \"arn:aws:s3:::ddt-networkingsardena\",\r\n                \"arn:aws:s3:::ddt-networkingsardena/*\"\r\n            ]\r\n        },\r\n        {\r\n            \"Effect\": \"Allow\",\r\n            \"Action\": [\r\n                \"s3:Get*\",\r\n                \"s3:List*\"\r\n            ],\r\n            \"Resource\": [\r\n                \"arn:aws:s3:::ddt-applicationsardena\",\r\n                \"arn:aws:s3:::ddt-applicationsardena/*\"\r\n            ]\r\n        },\r\n                {\r\n            \"Effect\": \"Allow\",\r\n            \"Action\": [\"dynamodb:*\"],\r\n            \"Resource\": [\r\n                \"arn:aws:dynamodb:us-west-2:434442667797:table/ddt-tfstatelock\"\r\n            ]\r\n        }\r\n   ]\r\n}",
                            "template": "{\r\n    \"Version\": \"2012-10-17\",\r\n    \"Statement\": [\r\n        {\r\n            \"Effect\": \"Allow\",\r\n            \"Action\": \"s3:*\",\r\n            \"Resource\": [\r\n                \"arn:aws:s3:::${s3_ro_bucket}\",\r\n                \"arn:aws:s3:::${s3_ro_bucket}/*\"\r\n            ]\r\n        },\r\n        {\r\n            \"Effect\": \"Allow\",\r\n            \"Action\": [\r\n                \"s3:Get*\",\r\n                \"s3:List*\"\r\n            ],\r\n            \"Resource\": [\r\n                \"arn:aws:s3:::${s3_rw_bucket}\",\r\n                \"arn:aws:s3:::${s3_rw_bucket}/*\"\r\n            ]\r\n        },\r\n                {\r\n            \"Effect\": \"Allow\",\r\n            \"Action\": [\"dynamodb:*\"],\r\n            \"Resource\": [\r\n                \"${dynamodb_table_arn}\"\r\n            ]\r\n        }\r\n   ]\r\n}",
                            "vars.%": "3",
                            "vars.dynamodb_table_arn": "arn:aws:dynamodb:us-west-2:434442667797:table/ddt-tfstatelock",
                            "vars.s3_ro_bucket": "ddt-networkingsardena",
                            "vars.s3_rw_bucket": "ddt-applicationsardena"
                        },
                        "meta": {},
                        "tainted": false
                    },
                    "deposed": [],
                    "provider": "provider.template"
                },
                "data.template_file.network_bucket_policy": {
                    "type": "template_file",
                    "depends_on": [
                        "aws_iam_user.application",
                        "aws_iam_user.networking"
                    ],
                    "primary": {
                        "id": "82400622692818e585453b1c68eedc753ceaa39731410a31ff7e407dbc5cb152",
                        "attributes": {
                            "id": "82400622692818e585453b1c68eedc753ceaa39731410a31ff7e407dbc5cb152",
                            "rendered": "{\r\n    \"Version\": \"2008-10-17\",\r\n    \"Statement\": [\r\n        {\r\n            \"Sid\": \"ReadOnly\",\r\n            \"Effect\": \"Allow\",\r\n            \"Principal\": {\r\n                \"AWS\": \"arn:aws:iam::434442667797:user/application\"\r\n            },\r\n            \"Action\": [\r\n                \"s3:Get*\",\r\n                \"s3:List*\"\r\n            ],\r\n            \"Resource\": [\r\n                \"arn:aws:s3:::ddt-networkingsardena\",\r\n                \"arn:aws:s3:::ddt-networkingsardena/*\"\r\n            ]\r\n        },\r\n        {\r\n            \"Sid\": \"FullAccess\",\r\n            \"Effect\": \"Allow\",\r\n            \"Principal\": {\r\n                \"AWS\": \"arn:aws:iam::434442667797:user/networking\"\r\n            },\r\n            \"Action\": \"s3:*\",\r\n            \"Resource\": [\r\n                \"arn:aws:s3:::ddt-networkingsardena\",\r\n                \"arn:aws:s3:::ddt-networkingsardena/*\"\r\n            ]\r\n        }\r\n    ]\r\n}",
                            "template": "{\r\n    \"Version\": \"2008-10-17\",\r\n    \"Statement\": [\r\n        {\r\n            \"Sid\": \"ReadOnly\",\r\n            \"Effect\": \"Allow\",\r\n            \"Principal\": {\r\n                \"AWS\": \"${read_only_user_arn}\"\r\n            },\r\n            \"Action\": [\r\n                \"s3:Get*\",\r\n                \"s3:List*\"\r\n            ],\r\n            \"Resource\": [\r\n                \"arn:aws:s3:::${s3_bucket}\",\r\n                \"arn:aws:s3:::${s3_bucket}/*\"\r\n            ]\r\n        },\r\n        {\r\n            \"Sid\": \"FullAccess\",\r\n            \"Effect\": \"Allow\",\r\n            \"Principal\": {\r\n                \"AWS\": \"${full_access_user_arn}\"\r\n            },\r\n            \"Action\": \"s3:*\",\r\n            \"Resource\": [\r\n                \"arn:aws:s3:::${s3_bucket}\",\r\n                \"arn:aws:s3:::${s3_bucket}/*\"\r\n            ]\r\n        }\r\n    ]\r\n}",
                            "vars.%": "3",
                            "vars.full_access_user_arn": "arn:aws:iam::434442667797:user/networking",
                            "vars.read_only_user_arn": "arn:aws:iam::434442667797:user/application",
                            "vars.s3_bucket": "ddt-networkingsardena"
                        },
                        "meta": {},
                        "tainted": false
                    },
                    "deposed": [],
                    "provider": "provider.template"
                },
                "data.template_file.networking_policy": {
                    "type": "template_file",
                    "depends_on": [
                        "aws_dynamodb_table.terraform_statelock"
                    ],
                    "primary": {
                        "id": "dbcd45fbe71a21c8a62aeb1949f1445fb77d6262c15cfd15e7392b4ff6fbb200",
                        "attributes": {
                            "id": "dbcd45fbe71a21c8a62aeb1949f1445fb77d6262c15cfd15e7392b4ff6fbb200",
                            "rendered": "{\r\n    \"Version\": \"2012-10-17\",\r\n    \"Statement\": [\r\n        {\r\n            \"Effect\": \"Allow\",\r\n            \"Action\": \"s3:*\",\r\n            \"Resource\": [\r\n                \"arn:aws:s3:::ddt-applicationsardena\",\r\n                \"arn:aws:s3:::ddt-applicationsardena/*\"\r\n            ]\r\n        },\r\n        {\r\n            \"Effect\": \"Allow\",\r\n            \"Action\": [\r\n                \"s3:Get*\",\r\n                \"s3:List*\"\r\n            ],\r\n            \"Resource\": [\r\n                \"arn:aws:s3:::ddt-networkingsardena\",\r\n                \"arn:aws:s3:::ddt-networkingsardena/*\"\r\n            ]\r\n        },\r\n                {\r\n            \"Effect\": \"Allow\",\r\n            \"Action\": [\"dynamodb:*\"],\r\n            \"Resource\": [\r\n                \"arn:aws:dynamodb:us-west-2:434442667797:table/ddt-tfstatelock\"\r\n            ]\r\n        }\r\n   ]\r\n}",
                            "template": "{\r\n    \"Version\": \"2012-10-17\",\r\n    \"Statement\": [\r\n        {\r\n            \"Effect\": \"Allow\",\r\n            \"Action\": \"s3:*\",\r\n            \"Resource\": [\r\n                \"arn:aws:s3:::${s3_ro_bucket}\",\r\n                \"arn:aws:s3:::${s3_ro_bucket}/*\"\r\n            ]\r\n        },\r\n        {\r\n            \"Effect\": \"Allow\",\r\n            \"Action\": [\r\n                \"s3:Get*\",\r\n                \"s3:List*\"\r\n            ],\r\n            \"Resource\": [\r\n                \"arn:aws:s3:::${s3_rw_bucket}\",\r\n                \"arn:aws:s3:::${s3_rw_bucket}/*\"\r\n            ]\r\n        },\r\n                {\r\n            \"Effect\": \"Allow\",\r\n            \"Action\": [\"dynamodb:*\"],\r\n            \"Resource\": [\r\n                \"${dynamodb_table_arn}\"\r\n            ]\r\n        }\r\n   ]\r\n}",
                            "vars.%": "3",
                            "vars.dynamodb_table_arn": "arn:aws:dynamodb:us-west-2:434442667797:table/ddt-tfstatelock",
                            "vars.s3_ro_bucket": "ddt-applicationsardena",
                            "vars.s3_rw_bucket": "ddt-networkingsardena"
                        },
                        "meta": {},
                        "tainted": false
                    },
                    "deposed": [],
                    "provider": "provider.template"
                }
            },
            "depends_on": []
        }
    ]
}
